// !$*UTF8*$!
{
	archiveVersion = 1;
	classes = {
	};
	objectVersion = 56;
	objects = {

/* Begin PBXBuildFile section */
		FCC5A17A2C99291B00ADE957 /* AppDelegate.swift in Sources */ = {isa = PBXBuildFile; fileRef = FCC5A1792C99291B00ADE957 /* AppDelegate.swift */; };
		FCC5A17C2C99291B00ADE957 /* SceneDelegate.swift in Sources */ = {isa = PBXBuildFile; fileRef = FCC5A17B2C99291B00ADE957 /* SceneDelegate.swift */; };
		FCC5A17E2C99291B00ADE957 /* UserViewController.swift in Sources */ = {isa = PBXBuildFile; fileRef = FCC5A17D2C99291B00ADE957 /* UserViewController.swift */; };
		FCC5A1812C99291B00ADE957 /* Base in Resources */ = {isa = PBXBuildFile; fileRef = FCC5A1802C99291B00ADE957 /* Base */; };
		FCC5A1842C99291B00ADE957 /* exampleSPM2.xcdatamodeld in Sources */ = {isa = PBXBuildFile; fileRef = FCC5A1822C99291B00ADE957 /* exampleSPM2.xcdatamodeld */; };
		FCC5A1862C99291C00ADE957 /* Assets.xcassets in Resources */ = {isa = PBXBuildFile; fileRef = FCC5A1852C99291C00ADE957 /* Assets.xcassets */; };
		FCC5A1892C99291C00ADE957 /* Base in Resources */ = {isa = PBXBuildFile; fileRef = FCC5A1882C99291C00ADE957 /* Base */; };
		FCC5A1922C99292A00ADE957 /* JRNetworking in Frameworks */ = {isa = PBXBuildFile; productRef = FCC5A1912C99292A00ADE957 /* JRNetworking */; };
		FCC5A1972C992B8F00ADE957 /* User.swift in Sources */ = {isa = PBXBuildFile; fileRef = FCC5A1962C992B8F00ADE957 /* User.swift */; };
		FCC5A1992C992B9C00ADE957 /* APIError.swift in Sources */ = {isa = PBXBuildFile; fileRef = FCC5A1982C992B9C00ADE957 /* APIError.swift */; };
		FCC5A19C2C992BC000ADE957 /* UserInteractor.swift in Sources */ = {isa = PBXBuildFile; fileRef = FCC5A19B2C992BC000ADE957 /* UserInteractor.swift */; };
		FCC5A19F2C992BFE00ADE957 /* UserPresenter.swift in Sources */ = {isa = PBXBuildFile; fileRef = FCC5A19E2C992BFE00ADE957 /* UserPresenter.swift */; };
		FCC5A1A42C992C6900ADE957 /* UserRouter.swift in Sources */ = {isa = PBXBuildFile; fileRef = FCC5A1A32C992C6900ADE957 /* UserRouter.swift */; };
		FCC5A1AA2C99305700ADE957 /* UserClient.swift in Sources */ = {isa = PBXBuildFile; fileRef = FCC5A1A92C99305700ADE957 /* UserClient.swift */; };
		FCC5A1AD2C9930B100ADE957 /* UserResources.swift in Sources */ = {isa = PBXBuildFile; fileRef = FCC5A1AC2C9930B100ADE957 /* UserResources.swift */; };
		FCC5A1AF2C9932DC00ADE957 /* NetworkingService.swift in Sources */ = {isa = PBXBuildFile; fileRef = FCC5A1AE2C9932DC00ADE957 /* NetworkingService.swift */; };
		FCC5A1CB2C9A7E5000ADE957 /* UserRouterInput.swift in Sources */ = {isa = PBXBuildFile; fileRef = FCC5A1CA2C9A7E5000ADE957 /* UserRouterInput.swift */; };
		FCC5A1CD2C9A7E5E00ADE957 /* UserViewInput.swift in Sources */ = {isa = PBXBuildFile; fileRef = FCC5A1CC2C9A7E5E00ADE957 /* UserViewInput.swift */; };
		FCC5A1CF2C9A7E7D00ADE957 /* UserPresenterInput.swift in Sources */ = {isa = PBXBuildFile; fileRef = FCC5A1CE2C9A7E7D00ADE957 /* UserPresenterInput.swift */; };
		FCC5A1D42C9A7F4900ADE957 /* UserInteractorInput.swift in Sources */ = {isa = PBXBuildFile; fileRef = FCC5A1D32C9A7F4900ADE957 /* UserInteractorInput.swift */; };
		FCC5A1D62C9A7F5300ADE957 /* UserInteractorOuput.swift in Sources */ = {isa = PBXBuildFile; fileRef = FCC5A1D52C9A7F5300ADE957 /* UserInteractorOuput.swift */; };
/* End PBXBuildFile section */

/* Begin PBXFileReference section */
		FCC5A1762C99291B00ADE957 /* exampleJRNetworking.app */ = {isa = PBXFileReference; explicitFileType = wrapper.application; includeInIndex = 0; path = exampleJRNetworking.app; sourceTree = BUILT_PRODUCTS_DIR; };
		FCC5A1792C99291B00ADE957 /* AppDelegate.swift */ = {isa = PBXFileReference; lastKnownFileType = sourcecode.swift; path = AppDelegate.swift; sourceTree = "<group>"; };
		FCC5A17B2C99291B00ADE957 /* SceneDelegate.swift */ = {isa = PBXFileReference; lastKnownFileType = sourcecode.swift; path = SceneDelegate.swift; sourceTree = "<group>"; };
		FCC5A17D2C99291B00ADE957 /* UserViewController.swift */ = {isa = PBXFileReference; lastKnownFileType = sourcecode.swift; path = UserViewController.swift; sourceTree = "<group>"; };
		FCC5A1802C99291B00ADE957 /* Base */ = {isa = PBXFileReference; lastKnownFileType = file.storyboard; name = Base; path = Base.lproj/Main.storyboard; sourceTree = "<group>"; };
		FCC5A1832C99291B00ADE957 /* exampleSPM2.xcdatamodel */ = {isa = PBXFileReference; lastKnownFileType = wrapper.xcdatamodel; path = exampleSPM2.xcdatamodel; sourceTree = "<group>"; };
		FCC5A1852C99291C00ADE957 /* Assets.xcassets */ = {isa = PBXFileReference; lastKnownFileType = folder.assetcatalog; path = Assets.xcassets; sourceTree = "<group>"; };
		FCC5A1882C99291C00ADE957 /* Base */ = {isa = PBXFileReference; lastKnownFileType = file.storyboard; name = Base; path = Base.lproj/LaunchScreen.storyboard; sourceTree = "<group>"; };
		FCC5A18A2C99291C00ADE957 /* Info.plist */ = {isa = PBXFileReference; lastKnownFileType = text.plist.xml; path = Info.plist; sourceTree = "<group>"; };
		FCC5A1962C992B8F00ADE957 /* User.swift */ = {isa = PBXFileReference; lastKnownFileType = sourcecode.swift; path = User.swift; sourceTree = "<group>"; };
		FCC5A1982C992B9C00ADE957 /* APIError.swift */ = {isa = PBXFileReference; lastKnownFileType = sourcecode.swift; path = APIError.swift; sourceTree = "<group>"; };
		FCC5A19B2C992BC000ADE957 /* UserInteractor.swift */ = {isa = PBXFileReference; lastKnownFileType = sourcecode.swift; path = UserInteractor.swift; sourceTree = "<group>"; };
		FCC5A19E2C992BFE00ADE957 /* UserPresenter.swift */ = {isa = PBXFileReference; lastKnownFileType = sourcecode.swift; path = UserPresenter.swift; sourceTree = "<group>"; };
		FCC5A1A32C992C6900ADE957 /* UserRouter.swift */ = {isa = PBXFileReference; lastKnownFileType = sourcecode.swift; path = UserRouter.swift; sourceTree = "<group>"; };
		FCC5A1A92C99305700ADE957 /* UserClient.swift */ = {isa = PBXFileReference; lastKnownFileType = sourcecode.swift; path = UserClient.swift; sourceTree = "<group>"; };
		FCC5A1AC2C9930B100ADE957 /* UserResources.swift */ = {isa = PBXFileReference; lastKnownFileType = sourcecode.swift; path = UserResources.swift; sourceTree = "<group>"; };
		FCC5A1AE2C9932DC00ADE957 /* NetworkingService.swift */ = {isa = PBXFileReference; lastKnownFileType = sourcecode.swift; path = NetworkingService.swift; sourceTree = "<group>"; };
		FCC5A1CA2C9A7E5000ADE957 /* UserRouterInput.swift */ = {isa = PBXFileReference; lastKnownFileType = sourcecode.swift; path = UserRouterInput.swift; sourceTree = "<group>"; };
		FCC5A1CC2C9A7E5E00ADE957 /* UserViewInput.swift */ = {isa = PBXFileReference; lastKnownFileType = sourcecode.swift; path = UserViewInput.swift; sourceTree = "<group>"; };
		FCC5A1CE2C9A7E7D00ADE957 /* UserPresenterInput.swift */ = {isa = PBXFileReference; lastKnownFileType = sourcecode.swift; path = UserPresenterInput.swift; sourceTree = "<group>"; };
		FCC5A1D32C9A7F4900ADE957 /* UserInteractorInput.swift */ = {isa = PBXFileReference; lastKnownFileType = sourcecode.swift; path = UserInteractorInput.swift; sourceTree = "<group>"; };
		FCC5A1D52C9A7F5300ADE957 /* UserInteractorOuput.swift */ = {isa = PBXFileReference; lastKnownFileType = sourcecode.swift; path = UserInteractorOuput.swift; sourceTree = "<group>"; };
/* End PBXFileReference section */

/* Begin PBXFrameworksBuildPhase section */
		FCC5A1732C99291B00ADE957 /* Frameworks */ = {
			isa = PBXFrameworksBuildPhase;
			buildActionMask = 2147483647;
			files = (
				FCC5A1922C99292A00ADE957 /* JRNetworking in Frameworks */,
			);
			runOnlyForDeploymentPostprocessing = 0;
		};
/* End PBXFrameworksBuildPhase section */

/* Begin PBXGroup section */
		FCC5A16D2C99291B00ADE957 = {
			isa = PBXGroup;
			children = (
				FCC5A1782C99291B00ADE957 /* exampleJRNetworking */,
				FCC5A1772C99291B00ADE957 /* Products */,
			);
			sourceTree = "<group>";
		};
		FCC5A1772C99291B00ADE957 /* Products */ = {
			isa = PBXGroup;
			children = (
				FCC5A1762C99291B00ADE957 /* exampleJRNetworking.app */,
			);
			name = Products;
			sourceTree = "<group>";
		};
		FCC5A1782C99291B00ADE957 /* exampleJRNetworking */ = {
			isa = PBXGroup;
			children = (
				FCC5A1DA2C9A828300ADE957 /* NetworkingHelper */,
				FCC5A1D92C9A827A00ADE957 /* Resources */,
				FCC5A1D82C9A827000ADE957 /* App */,
				FCC5A1D72C9A826100ADE957 /* Flows */,
				FCC5A17F2C99291B00ADE957 /* Main.storyboard */,
				FCC5A1872C99291C00ADE957 /* LaunchScreen.storyboard */,
				FCC5A18A2C99291C00ADE957 /* Info.plist */,
				FCC5A1822C99291B00ADE957 /* exampleSPM2.xcdatamodeld */,
			);
			path = exampleJRNetworking;
			sourceTree = "<group>";
		};
		FCC5A1952C992B8700ADE957 /* Entity */ = {
			isa = PBXGroup;
			children = (
				FCC5A1962C992B8F00ADE957 /* User.swift */,
				FCC5A1982C992B9C00ADE957 /* APIError.swift */,
			);
			path = Entity;
			sourceTree = "<group>";
		};
		FCC5A19A2C992BB500ADE957 /* Interactor */ = {
			isa = PBXGroup;
			children = (
				FCC5A19B2C992BC000ADE957 /* UserInteractor.swift */,
				FCC5A1D32C9A7F4900ADE957 /* UserInteractorInput.swift */,
				FCC5A1D52C9A7F5300ADE957 /* UserInteractorOuput.swift */,
			);
			path = Interactor;
			sourceTree = "<group>";
		};
		FCC5A19D2C992BF800ADE957 /* Presenter */ = {
			isa = PBXGroup;
			children = (
				FCC5A19E2C992BFE00ADE957 /* UserPresenter.swift */,
				FCC5A1CE2C9A7E7D00ADE957 /* UserPresenterInput.swift */,
			);
			path = Presenter;
			sourceTree = "<group>";
		};
		FCC5A1A02C992C3900ADE957 /* View */ = {
			isa = PBXGroup;
			children = (
				FCC5A17D2C99291B00ADE957 /* UserViewController.swift */,
				FCC5A1CC2C9A7E5E00ADE957 /* UserViewInput.swift */,
			);
			path = View;
			sourceTree = "<group>";
		};
		FCC5A1A12C992C3D00ADE957 /* Users */ = {
			isa = PBXGroup;
			children = (
				FCC5A1D22C9A7F3C00ADE957 /* Common */,
				FCC5A1D12C9A7F1B00ADE957 /* Interface */,
				FCC5A1D02C9A7E8E00ADE957 /* Logic */,
			);
			path = Users;
			sourceTree = "<group>";
		};
		FCC5A1A22C992C6500ADE957 /* Router */ = {
			isa = PBXGroup;
			children = (
				FCC5A1A32C992C6900ADE957 /* UserRouter.swift */,
				FCC5A1CA2C9A7E5000ADE957 /* UserRouterInput.swift */,
			);
			path = Router;
			sourceTree = "<group>";
		};
		FCC5A1D02C9A7E8E00ADE957 /* Logic */ = {
			isa = PBXGroup;
			children = (
				FCC5A1952C992B8700ADE957 /* Entity */,
				FCC5A19A2C992BB500ADE957 /* Interactor */,
			);
			path = Logic;
			sourceTree = "<group>";
		};
		FCC5A1D12C9A7F1B00ADE957 /* Interface */ = {
			isa = PBXGroup;
			children = (
				FCC5A19D2C992BF800ADE957 /* Presenter */,
				FCC5A1A02C992C3900ADE957 /* View */,
				FCC5A1A22C992C6500ADE957 /* Router */,
			);
			path = Interface;
			sourceTree = "<group>";
		};
		FCC5A1D22C9A7F3C00ADE957 /* Common */ = {
			isa = PBXGroup;
			children = (
				FCC5A1A92C99305700ADE957 /* UserClient.swift */,
				FCC5A1AC2C9930B100ADE957 /* UserResources.swift */,
			);
			path = Common;
			sourceTree = "<group>";
		};
		FCC5A1D72C9A826100ADE957 /* Flows */ = {
			isa = PBXGroup;
			children = (
				FCC5A1A12C992C3D00ADE957 /* Users */,
			);
			path = Flows;
			sourceTree = "<group>";
		};
		FCC5A1D82C9A827000ADE957 /* App */ = {
			isa = PBXGroup;
			children = (
				FCC5A1792C99291B00ADE957 /* AppDelegate.swift */,
				FCC5A17B2C99291B00ADE957 /* SceneDelegate.swift */,
			);
			path = App;
			sourceTree = "<group>";
		};
		FCC5A1D92C9A827A00ADE957 /* Resources */ = {
			isa = PBXGroup;
			children = (
				FCC5A1852C99291C00ADE957 /* Assets.xcassets */,
			);
			path = Resources;
			sourceTree = "<group>";
		};
		FCC5A1DA2C9A828300ADE957 /* NetworkingHelper */ = {
			isa = PBXGroup;
			children = (
				FCC5A1AE2C9932DC00ADE957 /* NetworkingService.swift */,
			);
			path = NetworkingHelper;
			sourceTree = "<group>";
		};
/* End PBXGroup section */

/* Begin PBXNativeTarget section */
		FCC5A1752C99291B00ADE957 /* exampleJRNetworking */ = {
			isa = PBXNativeTarget;
			buildConfigurationList = FCC5A18D2C99291C00ADE957 /* Build configuration list for PBXNativeTarget "exampleJRNetworking" */;
			buildPhases = (
				FCC5A1722C99291B00ADE957 /* Sources */,
				FCC5A1732C99291B00ADE957 /* Frameworks */,
				FCC5A1742C99291B00ADE957 /* Resources */,
			);
			buildRules = (
			);
			dependencies = (
			);
			name = exampleJRNetworking;
			packageProductDependencies = (
				FCC5A1912C99292A00ADE957 /* JRNetworking */,
			);
			productName = exampleSPM2;
			productReference = FCC5A1762C99291B00ADE957 /* exampleJRNetworking.app */;
			productType = "com.apple.product-type.application";
		};
/* End PBXNativeTarget section */

/* Begin PBXProject section */
		FCC5A16E2C99291B00ADE957 /* Project object */ = {
			isa = PBXProject;
			attributes = {
				BuildIndependentTargetsInParallel = 1;
				LastSwiftUpdateCheck = 1540;
				LastUpgradeCheck = 1540;
				TargetAttributes = {
					FCC5A1752C99291B00ADE957 = {
						CreatedOnToolsVersion = 15.4;
					};
				};
			};
			buildConfigurationList = FCC5A1712C99291B00ADE957 /* Build configuration list for PBXProject "exampleJRNetworking" */;
			compatibilityVersion = "Xcode 14.0";
			developmentRegion = en;
			hasScannedForEncodings = 0;
			knownRegions = (
				en,
				Base,
			);
			mainGroup = FCC5A16D2C99291B00ADE957;
			packageReferences = (
				FCC5A1902C99292A00ADE957 /* XCRemoteSwiftPackageReference "JR-Networking" */,
			);
			productRefGroup = FCC5A1772C99291B00ADE957 /* Products */;
			projectDirPath = "";
			projectRoot = "";
			targets = (
				FCC5A1752C99291B00ADE957 /* exampleJRNetworking */,
			);
		};
/* End PBXProject section */

/* Begin PBXResourcesBuildPhase section */
		FCC5A1742C99291B00ADE957 /* Resources */ = {
			isa = PBXResourcesBuildPhase;
			buildActionMask = 2147483647;
			files = (
				FCC5A1862C99291C00ADE957 /* Assets.xcassets in Resources */,
				FCC5A1892C99291C00ADE957 /* Base in Resources */,
				FCC5A1812C99291B00ADE957 /* Base in Resources */,
			);
			runOnlyForDeploymentPostprocessing = 0;
		};
/* End PBXResourcesBuildPhase section */

/* Begin PBXSourcesBuildPhase section */
		FCC5A1722C99291B00ADE957 /* Sources */ = {
			isa = PBXSourcesBuildPhase;
			buildActionMask = 2147483647;
			files = (
				FCC5A17E2C99291B00ADE957 /* UserViewController.swift in Sources */,
				FCC5A19C2C992BC000ADE957 /* UserInteractor.swift in Sources */,
				FCC5A17A2C99291B00ADE957 /* AppDelegate.swift in Sources */,
				FCC5A1AF2C9932DC00ADE957 /* NetworkingService.swift in Sources */,
				FCC5A1CB2C9A7E5000ADE957 /* UserRouterInput.swift in Sources */,
				FCC5A1842C99291B00ADE957 /* exampleSPM2.xcdatamodeld in Sources */,
				FCC5A1CF2C9A7E7D00ADE957 /* UserPresenterInput.swift in Sources */,
				FCC5A1A42C992C6900ADE957 /* UserRouter.swift in Sources */,
				FCC5A1972C992B8F00ADE957 /* User.swift in Sources */,
				FCC5A1CD2C9A7E5E00ADE957 /* UserViewInput.swift in Sources */,
				FCC5A19F2C992BFE00ADE957 /* UserPresenter.swift in Sources */,
				FCC5A1D62C9A7F5300ADE957 /* UserInteractorOuput.swift in Sources */,
				FCC5A1AD2C9930B100ADE957 /* UserResources.swift in Sources */,
				FCC5A17C2C99291B00ADE957 /* SceneDelegate.swift in Sources */,
				FCC5A1AA2C99305700ADE957 /* UserClient.swift in Sources */,
				FCC5A1D42C9A7F4900ADE957 /* UserInteractorInput.swift in Sources */,
				FCC5A1992C992B9C00ADE957 /* APIError.swift in Sources */,
			);
			runOnlyForDeploymentPostprocessing = 0;
		};
/* End PBXSourcesBuildPhase section */

/* Begin PBXVariantGroup section */
		FCC5A17F2C99291B00ADE957 /* Main.storyboard */ = {
			isa = PBXVariantGroup;
			children = (
				FCC5A1802C99291B00ADE957 /* Base */,
			);
			name = Main.storyboard;
			sourceTree = "<group>";
		};
		FCC5A1872C99291C00ADE957 /* LaunchScreen.storyboard */ = {
			isa = PBXVariantGroup;
			children = (
				FCC5A1882C99291C00ADE957 /* Base */,
			);
			name = LaunchScreen.storyboard;
			sourceTree = "<group>";
		};
/* End PBXVariantGroup section */

/* Begin XCBuildConfiguration section */
		FCC5A18B2C99291C00ADE957 /* Debug */ = {
			isa = XCBuildConfiguration;
			buildSettings = {
				ALWAYS_SEARCH_USER_PATHS = NO;
				ASSETCATALOG_COMPILER_GENERATE_SWIFT_ASSET_SYMBOL_EXTENSIONS = YES;
				CLANG_ANALYZER_NONNULL = YES;
				CLANG_ANALYZER_NUMBER_OBJECT_CONVERSION = YES_AGGRESSIVE;
				CLANG_CXX_LANGUAGE_STANDARD = "gnu++20";
				CLANG_ENABLE_MODULES = YES;
				CLANG_ENABLE_OBJC_ARC = YES;
				CLANG_ENABLE_OBJC_WEAK = YES;
				CLANG_WARN_BLOCK_CAPTURE_AUTORELEASING = YES;
				CLANG_WARN_BOOL_CONVERSION = YES;
				CLANG_WARN_COMMA = YES;
				CLANG_WARN_CONSTANT_CONVERSION = YES;
				CLANG_WARN_DEPRECATED_OBJC_IMPLEMENTATIONS = YES;
				CLANG_WARN_DIRECT_OBJC_ISA_USAGE = YES_ERROR;
				CLANG_WARN_DOCUMENTATION_COMMENTS = YES;
				CLANG_WARN_EMPTY_BODY = YES;
				CLANG_WARN_ENUM_CONVERSION = YES;
				CLANG_WARN_INFINITE_RECURSION = YES;
				CLANG_WARN_INT_CONVERSION = YES;
				CLANG_WARN_NON_LITERAL_NULL_CONVERSION = YES;
				CLANG_WARN_OBJC_IMPLICIT_RETAIN_SELF = YES;
				CLANG_WARN_OBJC_LITERAL_CONVERSION = YES;
				CLANG_WARN_OBJC_ROOT_CLASS = YES_ERROR;
				CLANG_WARN_QUOTED_INCLUDE_IN_FRAMEWORK_HEADER = YES;
				CLANG_WARN_RANGE_LOOP_ANALYSIS = YES;
				CLANG_WARN_STRICT_PROTOTYPES = YES;
				CLANG_WARN_SUSPICIOUS_MOVE = YES;
				CLANG_WARN_UNGUARDED_AVAILABILITY = YES_AGGRESSIVE;
				CLANG_WARN_UNREACHABLE_CODE = YES;
				CLANG_WARN__DUPLICATE_METHOD_MATCH = YES;
				COPY_PHASE_STRIP = NO;
				DEBUG_INFORMATION_FORMAT = dwarf;
				ENABLE_STRICT_OBJC_MSGSEND = YES;
				ENABLE_TESTABILITY = YES;
				ENABLE_USER_SCRIPT_SANDBOXING = YES;
				GCC_C_LANGUAGE_STANDARD = gnu17;
				GCC_DYNAMIC_NO_PIC = NO;
				GCC_NO_COMMON_BLOCKS = YES;
				GCC_OPTIMIZATION_LEVEL = 0;
				GCC_PREPROCESSOR_DEFINITIONS = (
					"DEBUG=1",
					"$(inherited)",
				);
				GCC_WARN_64_TO_32_BIT_CONVERSION = YES;
				GCC_WARN_ABOUT_RETURN_TYPE = YES_ERROR;
				GCC_WARN_UNDECLARED_SELECTOR = YES;
				GCC_WARN_UNINITIALIZED_AUTOS = YES_AGGRESSIVE;
				GCC_WARN_UNUSED_FUNCTION = YES;
				GCC_WARN_UNUSED_VARIABLE = YES;
				IPHONEOS_DEPLOYMENT_TARGET = 17.5;
				LOCALIZATION_PREFERS_STRING_CATALOGS = YES;
				MTL_ENABLE_DEBUG_INFO = INCLUDE_SOURCE;
				MTL_FAST_MATH = YES;
				ONLY_ACTIVE_ARCH = YES;
				SDKROOT = iphoneos;
				SWIFT_ACTIVE_COMPILATION_CONDITIONS = "DEBUG $(inherited)";
				SWIFT_OPTIMIZATION_LEVEL = "-Onone";
			};
			name = Debug;
		};
		FCC5A18C2C99291C00ADE957 /* Release */ = {
			isa = XCBuildConfiguration;
			buildSettings = {
				ALWAYS_SEARCH_USER_PATHS = NO;
				ASSETCATALOG_COMPILER_GENERATE_SWIFT_ASSET_SYMBOL_EXTENSIONS = YES;
				CLANG_ANALYZER_NONNULL = YES;
				CLANG_ANALYZER_NUMBER_OBJECT_CONVERSION = YES_AGGRESSIVE;
				CLANG_CXX_LANGUAGE_STANDARD = "gnu++20";
				CLANG_ENABLE_MODULES = YES;
				CLANG_ENABLE_OBJC_ARC = YES;
				CLANG_ENABLE_OBJC_WEAK = YES;
				CLANG_WARN_BLOCK_CAPTURE_AUTORELEASING = YES;
				CLANG_WARN_BOOL_CONVERSION = YES;
				CLANG_WARN_COMMA = YES;
				CLANG_WARN_CONSTANT_CONVERSION = YES;
				CLANG_WARN_DEPRECATED_OBJC_IMPLEMENTATIONS = YES;
				CLANG_WARN_DIRECT_OBJC_ISA_USAGE = YES_ERROR;
				CLANG_WARN_DOCUMENTATION_COMMENTS = YES;
				CLANG_WARN_EMPTY_BODY = YES;
				CLANG_WARN_ENUM_CONVERSION = YES;
				CLANG_WARN_INFINITE_RECURSION = YES;
				CLANG_WARN_INT_CONVERSION = YES;
				CLANG_WARN_NON_LITERAL_NULL_CONVERSION = YES;
				CLANG_WARN_OBJC_IMPLICIT_RETAIN_SELF = YES;
				CLANG_WARN_OBJC_LITERAL_CONVERSION = YES;
				CLANG_WARN_OBJC_ROOT_CLASS = YES_ERROR;
				CLANG_WARN_QUOTED_INCLUDE_IN_FRAMEWORK_HEADER = YES;
				CLANG_WARN_RANGE_LOOP_ANALYSIS = YES;
				CLANG_WARN_STRICT_PROTOTYPES = YES;
				CLANG_WARN_SUSPICIOUS_MOVE = YES;
				CLANG_WARN_UNGUARDED_AVAILABILITY = YES_AGGRESSIVE;
				CLANG_WARN_UNREACHABLE_CODE = YES;
				CLANG_WARN__DUPLICATE_METHOD_MATCH = YES;
				COPY_PHASE_STRIP = NO;
				DEBUG_INFORMATION_FORMAT = "dwarf-with-dsym";
				ENABLE_NS_ASSERTIONS = NO;
				ENABLE_STRICT_OBJC_MSGSEND = YES;
				ENABLE_USER_SCRIPT_SANDBOXING = YES;
				GCC_C_LANGUAGE_STANDARD = gnu17;
				GCC_NO_COMMON_BLOCKS = YES;
				GCC_WARN_64_TO_32_BIT_CONVERSION = YES;
				GCC_WARN_ABOUT_RETURN_TYPE = YES_ERROR;
				GCC_WARN_UNDECLARED_SELECTOR = YES;
				GCC_WARN_UNINITIALIZED_AUTOS = YES_AGGRESSIVE;
				GCC_WARN_UNUSED_FUNCTION = YES;
				GCC_WARN_UNUSED_VARIABLE = YES;
				IPHONEOS_DEPLOYMENT_TARGET = 17.5;
				LOCALIZATION_PREFERS_STRING_CATALOGS = YES;
				MTL_ENABLE_DEBUG_INFO = NO;
				MTL_FAST_MATH = YES;
				SDKROOT = iphoneos;
				SWIFT_COMPILATION_MODE = wholemodule;
				VALIDATE_PRODUCT = YES;
			};
			name = Release;
		};
		FCC5A18E2C99291C00ADE957 /* Debug */ = {
			isa = XCBuildConfiguration;
			buildSettings = {
				ASSETCATALOG_COMPILER_APPICON_NAME = AppIcon;
				ASSETCATALOG_COMPILER_GLOBAL_ACCENT_COLOR_NAME = AccentColor;
				CODE_SIGN_STYLE = Automatic;
				CURRENT_PROJECT_VERSION = 1;
				DEVELOPMENT_TEAM = T594C3YA28;
				GENERATE_INFOPLIST_FILE = YES;
				INFOPLIST_FILE = exampleJRNetworking/Info.plist;
				INFOPLIST_KEY_UIApplicationSupportsIndirectInputEvents = YES;
				INFOPLIST_KEY_UILaunchStoryboardName = LaunchScreen;
				INFOPLIST_KEY_UIMainStoryboardFile = Main;
				INFOPLIST_KEY_UISupportedInterfaceOrientations_iPad = "UIInterfaceOrientationPortrait UIInterfaceOrientationPortraitUpsideDown UIInterfaceOrientationLandscapeLeft UIInterfaceOrientationLandscapeRight";
				INFOPLIST_KEY_UISupportedInterfaceOrientations_iPhone = "UIInterfaceOrientationPortrait UIInterfaceOrientationLandscapeLeft UIInterfaceOrientationLandscapeRight";
				LD_RUNPATH_SEARCH_PATHS = (
					"$(inherited)",
					"@executable_path/Frameworks",
				);
				MARKETING_VERSION = 1.0;
				PRODUCT_BUNDLE_IDENTIFIER = pineAppleTech.exampleJRNetworking;
				PRODUCT_NAME = "$(TARGET_NAME)";
				SWIFT_EMIT_LOC_STRINGS = YES;
				SWIFT_VERSION = 5.0;
				TARGETED_DEVICE_FAMILY = "1,2";
			};
			name = Debug;
		};
		FCC5A18F2C99291C00ADE957 /* Release */ = {
			isa = XCBuildConfiguration;
			buildSettings = {
				ASSETCATALOG_COMPILER_APPICON_NAME = AppIcon;
				ASSETCATALOG_COMPILER_GLOBAL_ACCENT_COLOR_NAME = AccentColor;
				CODE_SIGN_STYLE = Automatic;
				CURRENT_PROJECT_VERSION = 1;
				DEVELOPMENT_TEAM = T594C3YA28;
				GENERATE_INFOPLIST_FILE = YES;
				INFOPLIST_FILE = exampleJRNetworking/Info.plist;
				INFOPLIST_KEY_UIApplicationSupportsIndirectInputEvents = YES;
				INFOPLIST_KEY_UILaunchStoryboardName = LaunchScreen;
				INFOPLIST_KEY_UIMainStoryboardFile = Main;
				INFOPLIST_KEY_UISupportedInterfaceOrientations_iPad = "UIInterfaceOrientationPortrait UIInterfaceOrientationPortraitUpsideDown UIInterfaceOrientationLandscapeLeft UIInterfaceOrientationLandscapeRight";
				INFOPLIST_KEY_UISupportedInterfaceOrientations_iPhone = "UIInterfaceOrientationPortrait UIInterfaceOrientationLandscapeLeft UIInterfaceOrientationLandscapeRight";
				LD_RUNPATH_SEARCH_PATHS = (
					"$(inherited)",
					"@executable_path/Frameworks",
				);
				MARKETING_VERSION = 1.0;
				PRODUCT_BUNDLE_IDENTIFIER = pineAppleTech.exampleJRNetworking;
				PRODUCT_NAME = "$(TARGET_NAME)";
				SWIFT_EMIT_LOC_STRINGS = YES;
				SWIFT_VERSION = 5.0;
				TARGETED_DEVICE_FAMILY = "1,2";
			};
			name = Release;
		};
/* End XCBuildConfiguration section */

/* Begin XCConfigurationList section */
		FCC5A1712C99291B00ADE957 /* Build configuration list for PBXProject "exampleJRNetworking" */ = {
			isa = XCConfigurationList;
			buildConfigurations = (
				FCC5A18B2C99291C00ADE957 /* Debug */,
				FCC5A18C2C99291C00ADE957 /* Release */,
			);
			defaultConfigurationIsVisible = 0;
			defaultConfigurationName = Release;
		};
		FCC5A18D2C99291C00ADE957 /* Build configuration list for PBXNativeTarget "exampleJRNetworking" */ = {
			isa = XCConfigurationList;
			buildConfigurations = (
				FCC5A18E2C99291C00ADE957 /* Debug */,
				FCC5A18F2C99291C00ADE957 /* Release */,
			);
			defaultConfigurationIsVisible = 0;
			defaultConfigurationName = Release;
		};
/* End XCConfigurationList section */

/* Begin XCRemoteSwiftPackageReference section */
		FCC5A1902C99292A00ADE957 /* XCRemoteSwiftPackageReference "JR-Networking" */ = {
			isa = XCRemoteSwiftPackageReference;
			repositoryURL = "https://github.com/JonaRivera-RB/JR-Networking";
			requirement = {
				branch = main;
				kind = branch;
			};
		};
/* End XCRemoteSwiftPackageReference section */

/* Begin XCSwiftPackageProductDependency section */
		FCC5A1912C99292A00ADE957 /* JRNetworking */ = {
			isa = XCSwiftPackageProductDependency;
			package = FCC5A1902C99292A00ADE957 /* XCRemoteSwiftPackageReference "JR-Networking" */;
			productName = JRNetworking;
		};
/* End XCSwiftPackageProductDependency section */

/* Begin XCVersionGroup section */
		FCC5A1822C99291B00ADE957 /* exampleSPM2.xcdatamodeld */ = {
			isa = XCVersionGroup;
			children = (
				FCC5A1832C99291B00ADE957 /* exampleSPM2.xcdatamodel */,
			);
			currentVersion = FCC5A1832C99291B00ADE957 /* exampleSPM2.xcdatamodel */;
			path = exampleSPM2.xcdatamodeld;
			sourceTree = "<group>";
			versionGroupType = wrapper.xcdatamodel;
		};
/* End XCVersionGroup section */
	};
	rootObject = FCC5A16E2C99291B00ADE957 /* Project object */;
}
